
Microsoft Visual Studio Solution File, Format Version 12.00
# Visual Studio Version 16
VisualStudioVersion = 16.0.32106.194
MinimumVisualStudioVersion = 10.0.40219.1
Project("{FAE04EC0-301F-11D3-BF4B-00C04F79EFBC}") = "inherit", "inherit\inherit.csproj", "{7BEBCB6F-0F99-455F-B284-3A42EE442BFD}"
EndProject
Global
	GlobalSection(SolutionConfigurationPlatforms) = preSolution
		Debug|Any CPU = Debug|Any CPU
		Release|Any CPU = Release|Any CPU
	EndGlobalSection
	GlobalSection(ProjectConfigurationPlatforms) = postSolution
		{7BEBCB6F-0F99-455F-B284-3A42EE442BFD}.Debug|Any CPU.ActiveCfg = Debug|Any CPU
		{7BEBCB6F-0F99-455F-B284-3A42EE442BFD}.Debug|Any CPU.Build.0 = Debug|Any CPU
		{7BEBCB6F-0F99-455F-B284-3A42EE442BFD}.Release|Any CPU.ActiveCfg = Release|Any CPU
		{7BEBCB6F-0F99-455F-B284-3A42EE442BFD}.Release|Any CPU.Build.0 = Release|Any CPU
	EndGlobalSection
	GlobalSection(SolutionProperties) = preSolution
		HideSolutionNode = FALSE
	EndGlobalSection
	GlobalSection(ExtensibilityGlobals) = postSolution
		SolutionGuid = {EE5041D3-A6CD-47F7-9680-148A24D6BF92}
	EndGlobalSection
EndGlobal
